lockfileVersion: 5.4

specifiers:
  execa: ^6.1.0
  find-cache-dir: ^3.3.2
  minimist: ^1.2.6

dependencies:
  execa: 6.1.0
  find-cache-dir: 3.3.2
  minimist: 1.2.7

packages:

  /commondir/1.0.1:
    resolution: {integrity: sha512-W9pAhw0ja1Edb5GVdIF1mjZw/ASI0AlShXM83UUGe2DVr5TdAPEA1OA8m/g8zWp9x6On7gqufY+FatDbC3MDQg==}
    dev: false

  /cross-spawn/7.0.3:
    resolution: {integrity: sha512-iRDPJKUPVEND7dHPO8rkbOnPpyDygcDFtWjpeWNCgy8WP2rXcxXL8TskReQl6OrB2G7+UJrags1q15Fudc7G6w==}
    engines: {node: '>= 8'}
    dependencies:
      path-key: 3.1.1
      shebang-command: 2.0.0
      which: 2.0.2
    dev: false

  /execa/6.1.0:
    resolution: {integrity: sha512-QVWlX2e50heYJcCPG0iWtf8r0xjEYfz/OYLGDYH+IyjWezzPNxz63qNFOu0l4YftGWuizFVZHHs8PrLU5p2IDA==}
    engines: {node: ^12.20.0 || ^14.13.1 || >=16.0.0}
    dependencies:
      cross-spawn: 7.0.3
      get-stream: 6.0.1
      human-signals: 3.0.1
      is-stream: 3.0.0
      merge-stream: 2.0.0
      npm-run-path: 5.1.0
      onetime: 6.0.0
      signal-exit: 3.0.7
      strip-final-newline: 3.0.0
    dev: false

  /find-cache-dir/3.3.2:
    resolution: {integrity: sha512-wXZV5emFEjrridIgED11OoUKLxiYjAcqot/NJdAkOhlJ+vGzwhOAfcG5OX1jP+S0PcjEn8bdMJv+g2jwQ3Onig==}
    engines: {node: '>=8'}
    dependencies:
      commondir: 1.0.1
      make-dir: 3.1.0
      pkg-dir: 4.2.0
    dev: false

  /find-up/4.1.0:
    resolution: {integrity: sha512-PpOwAdQ/YlXQ2vj8a3h8IipDuYRi3wceVQQGYWxNINccq40Anw7BlsEXCMbt1Zt+OLA6Fq9suIpIWD0OsnISlw==}
    engines: {node: '>=8'}
    dependencies:
      locate-path: 5.0.0
      path-exists: 4.0.0
    dev: false

  /get-stream/6.0.1:
    resolution: {integrity: sha512-ts6Wi+2j3jQjqi70w5AlN8DFnkSwC+MqmxEzdEALB2qXZYV3X/b1CTfgPLGJNMeAWxdPfU8FO1ms3NUfaHCPYg==}
    engines: {node: '>=10'}
    dev: false

  /human-signals/3.0.1:
    resolution: {integrity: sha512-rQLskxnM/5OCldHo+wNXbpVgDn5A17CUoKX+7Sokwaknlq7CdSnphy0W39GU8dw59XiCXmFXDg4fRuckQRKewQ==}
    engines: {node: '>=12.20.0'}
    dev: false

  /is-stream/3.0.0:
    resolution: {integrity: sha512-LnQR4bZ9IADDRSkvpqMGvt/tEJWclzklNgSw48V5EAaAeDd6qGvN8ei6k5p0tvxSR171VmGyHuTiAOfxAbr8kA==}
    engines: {node: ^12.20.0 || ^14.13.1 || >=16.0.0}
    dev: false

  /isexe/2.0.0:
    resolution: {integrity: sha512-RHxMLp9lnKHGHRng9QFhRCMbYAcVpn69smSGcq3f36xjgVVWThj4qqLbTLlq7Ssj8B+fIQ1EuCEGI2lKsyQeIw==}
    dev: false

  /locate-path/5.0.0:
    resolution: {integrity: sha512-t7hw9pI+WvuwNJXwk5zVHpyhIqzg2qTlklJOf0mVxGSbe3Fp2VieZcduNYjaLDoy6p9uGpQEGWG87WpMKlNq8g==}
    engines: {node: '>=8'}
    dependencies:
      p-locate: 4.1.0
    dev: false

  /make-dir/3.1.0:
    resolution: {integrity: sha512-g3FeP20LNwhALb/6Cz6Dd4F2ngze0jz7tbzrD2wAV+o9FeNHe4rL+yK2md0J/fiSf1sa1ADhXqi5+oVwOM/eGw==}
    engines: {node: '>=8'}
    dependencies:
      semver: 6.3.0
    dev: false

  /merge-stream/2.0.0:
    resolution: {integrity: sha512-abv/qOcuPfk3URPfDzmZU1LKmuw8kT+0nIHvKrKgFrwifol/doWcdA4ZqsWQ8ENrFKkd67Mfpo/LovbIUsbt3w==}
    dev: false

  /mimic-fn/4.0.0:
    resolution: {integrity: sha512-vqiC06CuhBTUdZH+RYl8sFrL096vA45Ok5ISO6sE/Mr1jRbGH4Csnhi8f3wKVl7x8mO4Au7Ir9D3Oyv1VYMFJw==}
    engines: {node: '>=12'}
    dev: false

  /minimist/1.2.7:
    resolution: {integrity: sha512-bzfL1YUZsP41gmu/qjrEk0Q6i2ix/cVeAhbCbqH9u3zYutS1cLg00qhrD0M2MVdCcx4Sc0UpP2eBWo9rotpq6g==}
    dev: false

  /npm-run-path/5.1.0:
    resolution: {integrity: sha512-sJOdmRGrY2sjNTRMbSvluQqg+8X7ZK61yvzBEIDhz4f8z1TZFYABsqjjCBd/0PUNE9M6QDgHJXQkGUEm7Q+l9Q==}
    engines: {node: ^12.20.0 || ^14.13.1 || >=16.0.0}
    dependencies:
      path-key: 4.0.0
    dev: false

  /onetime/6.0.0:
    resolution: {integrity: sha512-1FlR+gjXK7X+AsAHso35MnyN5KqGwJRi/31ft6x0M194ht7S+rWAvd7PHss9xSKMzE0asv1pyIHaJYq+BbacAQ==}
    engines: {node: '>=12'}
    dependencies:
      mimic-fn: 4.0.0
    dev: false

  /p-limit/2.3.0:
    resolution: {integrity: sha512-//88mFWSJx8lxCzwdAABTJL2MyWB12+eIY7MDL2SqLmAkeKU9qxRvWuSyTjm3FUmpBEMuFfckAIqEaVGUDxb6w==}
    engines: {node: '>=6'}
    dependencies:
      p-try: 2.2.0
    dev: false

  /p-locate/4.1.0:
    resolution: {integrity: sha512-R79ZZ/0wAxKGu3oYMlz8jy/kbhsNrS7SKZ7PxEHBgJ5+F2mtFW2fK2cOtBh1cHYkQsbzFV7I+EoRKe6Yt0oK7A==}
    engines: {node: '>=8'}
    dependencies:
      p-limit: 2.3.0
    dev: false

  /p-try/2.2.0:
    resolution: {integrity: sha512-R4nPAVTAU0B9D35/Gk3uJf/7XYbQcyohSKdvAxIRSNghFl4e71hVoGnBNQz9cWaXxO2I10KTC+3jMdvvoKw6dQ==}
    engines: {node: '>=6'}
    dev: false

  /path-exists/4.0.0:
    resolution: {integrity: sha512-ak9Qy5Q7jYb2Wwcey5Fpvg2KoAc/ZIhLSLOSBmRmygPsGwkVVt0fZa0qrtMz+m6tJTAHfZQ8FnmB4MG4LWy7/w==}
    engines: {node: '>=8'}
    dev: false

  /path-key/3.1.1:
    resolution: {integrity: sha512-ojmeN0qd+y0jszEtoY48r0Peq5dwMEkIlCOu6Q5f41lfkswXuKtYrhgoTpLnyIcHm24Uhqx+5Tqm2InSwLhE6Q==}
    engines: {node: '>=8'}
    dev: false

  /path-key/4.0.0:
    resolution: {integrity: sha512-haREypq7xkM7ErfgIyA0z+Bj4AGKlMSdlQE2jvJo6huWD1EdkKYV+G/T4nq0YEF2vgTT8kqMFKo1uHn950r4SQ==}
    engines: {node: '>=12'}
    dev: false

  /pkg-dir/4.2.0:
    resolution: {integrity: sha512-HRDzbaKjC+AOWVXxAU/x54COGeIv9eb+6CkDSQoNTt4XyWoIJvuPsXizxu/Fr23EiekbtZwmh1IcIG/l/a10GQ==}
    engines: {node: '>=8'}
    dependencies:
      find-up: 4.1.0
    dev: false

  /semver/6.3.0:
    resolution: {integrity: sha512-b39TBaTSfV6yBrapU89p5fKekE2m/NwnDocOVruQFS1/veMgdzuPcnOM34M6CwxW8jH/lxEa5rBoDeUwu5HHTw==}
    hasBin: true
    dev: false

  /shebang-command/2.0.0:
    resolution: {integrity: sha512-kHxr2zZpYtdmrN1qDjrrX/Z1rR1kG8Dx+gkpK1G4eXmvXswmcE1hTWBWYUzlraYw1/yZp6YuDY77YtvbN0dmDA==}
    engines: {node: '>=8'}
    dependencies:
      shebang-regex: 3.0.0
    dev: false

  /shebang-regex/3.0.0:
    resolution: {integrity: sha512-7++dFhtcx3353uBaq8DDR4NuxBetBzC7ZQOhmTQInHEd6bSrXdiEyzCvG07Z44UYdLShWUyXt5M/yhz8ekcb1A==}
    engines: {node: '>=8'}
    dev: false

  /signal-exit/3.0.7:
    resolution: {integrity: sha512-wnD2ZE+l+SPC/uoS0vXeE9L1+0wuaMqKlfz9AMUo38JsyLSBWSFcHR1Rri62LZc12vLr1gb3jl7iwQhgwpAbGQ==}
    dev: false

  /strip-final-newline/3.0.0:
    resolution: {integrity: sha512-dOESqjYr96iWYylGObzd39EuNTa5VJxyvVAEm5Jnh7KGo75V43Hk1odPQkNDyXNmUR6k+gEiDVXnjB8HJ3crXw==}
    engines: {node: '>=12'}
    dev: false

  /which/2.0.2:
    resolution: {integrity: sha512-BLI3Tl1TW3Pvl70l3yq3Y64i+awpwXqsGBYWkkqMtnbXgrMD+yj7rhW0kuEDxzJaYXGjEW5ogapKNMEKNMjibA==}
    engines: {node: '>= 8'}
    hasBin: true
    dependencies:
      isexe: 2.0.0
    dev: false
